
Microsoft Visual Studio Solution File, Format Version 12.00
# Visual Studio Version 17
VisualStudioVersion = 17.10.34928.147
MinimumVisualStudioVersion = 10.0.40219.1
Project("{FAE04EC0-301F-11D3-BF4B-00C04F79EFBC}") = "Müsteri Takip", "Müsteri Takip\Müsteri Takip.csproj", "{998BE97E-4E1A-4BA8-90E8-B8C37E7DAFC6}"
EndProject
Global
	GlobalSection(SolutionConfigurationPlatforms) = preSolution
		Debug|Any CPU = Debug|Any CPU
		Release|Any CPU = Release|Any CPU
	EndGlobalSection
	GlobalSection(ProjectConfigurationPlatforms) = postSolution
		{998BE97E-4E1A-4BA8-90E8-B8C37E7DAFC6}.Debug|Any CPU.ActiveCfg = Debug|Any CPU
		{998BE97E-4E1A-4BA8-90E8-B8C37E7DAFC6}.Debug|Any CPU.Build.0 = Debug|Any CPU
		{998BE97E-4E1A-4BA8-90E8-B8C37E7DAFC6}.Release|Any CPU.ActiveCfg = Release|Any CPU
		{998BE97E-4E1A-4BA8-90E8-B8C37E7DAFC6}.Release|Any CPU.Build.0 = Release|Any CPU
	EndGlobalSection
	GlobalSection(SolutionProperties) = preSolution
		HideSolutionNode = FALSE
	EndGlobalSection
	GlobalSection(ExtensibilityGlobals) = postSolution
		SolutionGuid = {F4C15BD0-A630-4725-879D-1485BD5EF686}
	EndGlobalSection
EndGlobal
